{
  "name": "stencil-diagnostic",
  "version": "0.0.1",
  "lockfileVersion": 2,
  "requires": true,
  "packages": {
    "": {
      "version": "0.0.1",
      "license": "MIT",
      "dependencies": {
        "@shoelace-style/shoelace": "^2.0.0-beta.28"
      },
      "devDependencies": {
        "@stencil/core": "^2.4.0",
        "@stencil/router": "^1.0.1"
      }
    },
    "node_modules/@popperjs/core": {
      "version": "2.9.0",
      "resolved": "https://registry.npmjs.org/@popperjs/core/-/core-2.9.0.tgz",
      "integrity": "sha512-wjtKehFAIARq2OxK8j3JrggNlEslJfNuSm2ArteIbKyRMts2g0a7KzTxfRVNUM+O0gnBJ2hNV8nWPOYBgI1sew==",
      "funding": {
        "type": "opencollective",
        "url": "https://opencollective.com/popperjs"
      }
    },
    "node_modules/@shoelace-style/animations": {
      "version": "1.1.0",
      "resolved": "https://registry.npmjs.org/@shoelace-style/animations/-/animations-1.1.0.tgz",
      "integrity": "sha512-Be+cahtZyI2dPKRm8EZSx3YJQ+jLvEcn3xzRP7tM4tqBnvd/eW/64Xh0iOf0t2w5P8iJKfdBbpVNE9naCaOf2g==",
      "funding": {
        "type": "individual",
        "url": "https://github.com/sponsors/claviska"
      }
    },
    "node_modules/@shoelace-style/shoelace": {
      "version": "2.0.0-beta.28",
      "resolved": "https://registry.npmjs.org/@shoelace-style/shoelace/-/shoelace-2.0.0-beta.28.tgz",
      "integrity": "sha512-MxUcY8Nq5j3JlZ7SfYXaIbGT08RIVsaV2A4O94UhUMkjwntGX/I1qTgEwIB0IdDsno+Do6LcUlkJVLCobifBpA==",
      "dependencies": {
        "@popperjs/core": "^2.7.0",
        "@shoelace-style/animations": "^1.1.0",
        "@shoelace-style/shoemaker": "^1.0.0-beta.6",
        "color": "^3.1.3"
      },
      "funding": {
        "type": "individual",
        "url": "https://github.com/sponsors/claviska"
      }
    },
    "node_modules/@shoelace-style/shoemaker": {
      "version": "1.0.0-beta.6",
      "resolved": "https://registry.npmjs.org/@shoelace-style/shoemaker/-/shoemaker-1.0.0-beta.6.tgz",
      "integrity": "sha512-uIogfUXZiczjZj0J5r6yEf0PFcop7aT72xqDK+tdhE68yAQ66Xx/UMNwZJnICozUAoqX0FdNd1gFH2EBJXukOw==",
      "funding": {
        "type": "individual",
        "url": "https://github.com/sponsors/claviska"
      }
    },
    "node_modules/@stencil/core": {
      "version": "2.4.0",
      "resolved": "https://registry.npmjs.org/@stencil/core/-/core-2.4.0.tgz",
      "integrity": "sha512-gU6+Yyd6O0KrCSS/O6j8KKqmRo+/Dcs2fI0+APCpbAWK+nqhwDISpdnSEfGDCLMoAC08XOZCycBRk2K1VGnEcg==",
      "dev": true,
      "bin": {
        "stencil": "bin/stencil"
      },
      "engines": {
        "node": ">=12.10.0",
        "npm": ">=6.0.0"
      }
    },
    "node_modules/@stencil/router": {
      "version": "1.0.1",
      "resolved": "https://registry.npmjs.org/@stencil/router/-/router-1.0.1.tgz",
      "integrity": "sha512-ZMholl1BE+glNAc/8pcEb9RYkeH0XETxsJbx6D7f3azTmaTXqKYty1IACP/3BtVjuimpfLdxQJ+J95wKmnYBtA==",
      "dev": true,
      "dependencies": {
        "@stencil/state-tunnel": "^1.0.1"
      }
    },
    "node_modules/@stencil/state-tunnel": {
      "version": "1.0.1",
      "resolved": "https://registry.npmjs.org/@stencil/state-tunnel/-/state-tunnel-1.0.1.tgz",
      "integrity": "sha512-DYG8uROgL9hkjVTCtCfRBb0d3FwpiFB0muRrNZQ2X1Qo5hxMuNNji76/ILddqeq0AfgkKCW82xrMPDpy+rNIhQ==",
      "dev": true
    },
    "node_modules/color": {
      "version": "3.1.3",
      "resolved": "https://registry.npmjs.org/color/-/color-3.1.3.tgz",
      "integrity": "sha512-xgXAcTHa2HeFCGLE9Xs/R82hujGtu9Jd9x4NW3T34+OMs7VoPsjwzRczKHvTAHeJwWFwX5j15+MgAppE8ztObQ==",
      "dependencies": {
        "color-convert": "^1.9.1",
        "color-string": "^1.5.4"
      }
    },
    "node_modules/color-convert": {
      "version": "1.9.3",
      "resolved": "https://registry.npmjs.org/color-convert/-/color-convert-1.9.3.tgz",
      "integrity": "sha512-QfAUtd+vFdAtFQcC8CCyYt1fYWxSqAiK2cSD6zDB8N3cpsEBAvRxp9zOGg6G/SHHJYAT88/az/IuDGALsNVbGg==",
      "dependencies": {
        "color-name": "1.1.3"
      }
    },
    "node_modules/color-name": {
      "version": "1.1.3",
      "resolved": "https://registry.npmjs.org/color-name/-/color-name-1.1.3.tgz",
      "integrity": "sha1-p9BVi9icQveV3UIyj3QIMcpTvCU="
    },
    "node_modules/color-string": {
      "version": "1.5.4",
      "resolved": "https://registry.npmjs.org/color-string/-/color-string-1.5.4.tgz",
      "integrity": "sha512-57yF5yt8Xa3czSEW1jfQDE79Idk0+AkN/4KWad6tbdxUmAs3MvjxlWSWD4deYytcRfoZ9nhKyFl1kj5tBvidbw==",
      "dependencies": {
        "color-name": "^1.0.0",
        "simple-swizzle": "^0.2.2"
      }
    },
    "node_modules/is-arrayish": {
      "version": "0.3.2",
      "resolved": "https://registry.npmjs.org/is-arrayish/-/is-arrayish-0.3.2.tgz",
      "integrity": "sha512-eVRqCvVlZbuw3GrM63ovNSNAeA1K16kaR/LRY/92w0zxQ5/1YzwblUX652i4Xs9RwAGjW9d9y6X88t8OaAJfWQ=="
    },
    "node_modules/simple-swizzle": {
      "version": "0.2.2",
      "resolved": "https://registry.npmjs.org/simple-swizzle/-/simple-swizzle-0.2.2.tgz",
      "integrity": "sha1-pNprY1/8zMoz9w0Xy5JZLeleVXo=",
      "dependencies": {
        "is-arrayish": "^0.3.1"
      }
    }
  },
  "dependencies": {
    "@popperjs/core": {
      "version": "2.9.0",
      "resolved": "https://registry.npmjs.org/@popperjs/core/-/core-2.9.0.tgz",
      "integrity": "sha512-wjtKehFAIARq2OxK8j3JrggNlEslJfNuSm2ArteIbKyRMts2g0a7KzTxfRVNUM+O0gnBJ2hNV8nWPOYBgI1sew=="
    },
    "@shoelace-style/animations": {
      "version": "1.1.0",
      "resolved": "https://registry.npmjs.org/@shoelace-style/animations/-/animations-1.1.0.tgz",
      "integrity": "sha512-Be+cahtZyI2dPKRm8EZSx3YJQ+jLvEcn3xzRP7tM4tqBnvd/eW/64Xh0iOf0t2w5P8iJKfdBbpVNE9naCaOf2g=="
    },
    "@shoelace-style/shoelace": {
      "version": "2.0.0-beta.28",
      "resolved": "https://registry.npmjs.org/@shoelace-style/shoelace/-/shoelace-2.0.0-beta.28.tgz",
      "integrity": "sha512-MxUcY8Nq5j3JlZ7SfYXaIbGT08RIVsaV2A4O94UhUMkjwntGX/I1qTgEwIB0IdDsno+Do6LcUlkJVLCobifBpA==",
      "requires": {
        "@popperjs/core": "^2.7.0",
        "@shoelace-style/animations": "^1.1.0",
        "@shoelace-style/shoemaker": "^1.0.0-beta.6",
        "color": "^3.1.3"
      }
    },
    "@shoelace-style/shoemaker": {
      "version": "1.0.0-beta.6",
      "resolved": "https://registry.npmjs.org/@shoelace-style/shoemaker/-/shoemaker-1.0.0-beta.6.tgz",
      "integrity": "sha512-uIogfUXZiczjZj0J5r6yEf0PFcop7aT72xqDK+tdhE68yAQ66Xx/UMNwZJnICozUAoqX0FdNd1gFH2EBJXukOw=="
    },
    "@stencil/core": {
      "version": "2.4.0",
      "resolved": "https://registry.npmjs.org/@stencil/core/-/core-2.4.0.tgz",
      "integrity": "sha512-gU6+Yyd6O0KrCSS/O6j8KKqmRo+/Dcs2fI0+APCpbAWK+nqhwDISpdnSEfGDCLMoAC08XOZCycBRk2K1VGnEcg==",
      "dev": true
    },
    "@stencil/router": {
      "version": "1.0.1",
      "resolved": "https://registry.npmjs.org/@stencil/router/-/router-1.0.1.tgz",
      "integrity": "sha512-ZMholl1BE+glNAc/8pcEb9RYkeH0XETxsJbx6D7f3azTmaTXqKYty1IACP/3BtVjuimpfLdxQJ+J95wKmnYBtA==",
      "dev": true,
      "requires": {
        "@stencil/state-tunnel": "^1.0.1"
      }
    },
    "@stencil/state-tunnel": {
      "version": "1.0.1",
      "resolved": "https://registry.npmjs.org/@stencil/state-tunnel/-/state-tunnel-1.0.1.tgz",
      "integrity": "sha512-DYG8uROgL9hkjVTCtCfRBb0d3FwpiFB0muRrNZQ2X1Qo5hxMuNNji76/ILddqeq0AfgkKCW82xrMPDpy+rNIhQ==",
      "dev": true
    },
    "color": {
      "version": "3.1.3",
      "resolved": "https://registry.npmjs.org/color/-/color-3.1.3.tgz",
      "integrity": "sha512-xgXAcTHa2HeFCGLE9Xs/R82hujGtu9Jd9x4NW3T34+OMs7VoPsjwzRczKHvTAHeJwWFwX5j15+MgAppE8ztObQ==",
      "requires": {
        "color-convert": "^1.9.1",
        "color-string": "^1.5.4"
      }
    },
    "color-convert": {
      "version": "1.9.3",
      "resolved": "https://registry.npmjs.org/color-convert/-/color-convert-1.9.3.tgz",
      "integrity": "sha512-QfAUtd+vFdAtFQcC8CCyYt1fYWxSqAiK2cSD6zDB8N3cpsEBAvRxp9zOGg6G/SHHJYAT88/az/IuDGALsNVbGg==",
      "requires": {
        "color-name": "1.1.3"
      }
    },
    "color-name": {
      "version": "1.1.3",
      "resolved": "https://registry.npmjs.org/color-name/-/color-name-1.1.3.tgz",
      "integrity": "sha1-p9BVi9icQveV3UIyj3QIMcpTvCU="
    },
    "color-string": {
      "version": "1.5.4",
      "resolved": "https://registry.npmjs.org/color-string/-/color-string-1.5.4.tgz",
      "integrity": "sha512-57yF5yt8Xa3czSEW1jfQDE79Idk0+AkN/4KWad6tbdxUmAs3MvjxlWSWD4deYytcRfoZ9nhKyFl1kj5tBvidbw==",
      "requires": {
        "color-name": "^1.0.0",
        "simple-swizzle": "^0.2.2"
      }
    },
    "is-arrayish": {
      "version": "0.3.2",
      "resolved": "https://registry.npmjs.org/is-arrayish/-/is-arrayish-0.3.2.tgz",
      "integrity": "sha512-eVRqCvVlZbuw3GrM63ovNSNAeA1K16kaR/LRY/92w0zxQ5/1YzwblUX652i4Xs9RwAGjW9d9y6X88t8OaAJfWQ=="
    },
    "simple-swizzle": {
      "version": "0.2.2",
      "resolved": "https://registry.npmjs.org/simple-swizzle/-/simple-swizzle-0.2.2.tgz",
      "integrity": "sha1-pNprY1/8zMoz9w0Xy5JZLeleVXo=",
      "requires": {
        "is-arrayish": "^0.3.1"
      }
    }
  }
}
